
Microsoft Visual Studio Solution File, Format Version 12.00
# Visual Studio Version 16
VisualStudioVersion = 16.0.30330.147
MinimumVisualStudioVersion = 10.0.40219.1
Project("{9A19103F-16F7-4668-BE54-9A1E7A4F7556}") = "Task3.BL", "Task3.BL\Task3.BL.csproj", "{6DA57545-CDE8-428A-B00F-5EF63238283F}"
EndProject
Project("{9A19103F-16F7-4668-BE54-9A1E7A4F7556}") = "Task3.CMD", "Task3.CMD\Task3.CMD.csproj", "{5B7A5A77-2877-4987-B374-BB055DEC0232}"
EndProject
Global
	GlobalSection(SolutionConfigurationPlatforms) = preSolution
		Debug|Any CPU = Debug|Any CPU
		Release|Any CPU = Release|Any CPU
	EndGlobalSection
	GlobalSection(ProjectConfigurationPlatforms) = postSolution
		{6DA57545-CDE8-428A-B00F-5EF63238283F}.Debug|Any CPU.ActiveCfg = Debug|Any CPU
		{6DA57545-CDE8-428A-B00F-5EF63238283F}.Debug|Any CPU.Build.0 = Debug|Any CPU
		{6DA57545-CDE8-428A-B00F-5EF63238283F}.Release|Any CPU.ActiveCfg = Release|Any CPU
		{6DA57545-CDE8-428A-B00F-5EF63238283F}.Release|Any CPU.Build.0 = Release|Any CPU
		{5B7A5A77-2877-4987-B374-BB055DEC0232}.Debug|Any CPU.ActiveCfg = Debug|Any CPU
		{5B7A5A77-2877-4987-B374-BB055DEC0232}.Debug|Any CPU.Build.0 = Debug|Any CPU
		{5B7A5A77-2877-4987-B374-BB055DEC0232}.Release|Any CPU.ActiveCfg = Release|Any CPU
		{5B7A5A77-2877-4987-B374-BB055DEC0232}.Release|Any CPU.Build.0 = Release|Any CPU
	EndGlobalSection
	GlobalSection(SolutionProperties) = preSolution
		HideSolutionNode = FALSE
	EndGlobalSection
	GlobalSection(ExtensibilityGlobals) = postSolution
		SolutionGuid = {40D75F34-7025-470B-B674-1C82A292E9A7}
	EndGlobalSection
EndGlobal
