
Microsoft Visual Studio Solution File, Format Version 12.00
# Visual Studio Version 16
VisualStudioVersion = 16.0.29728.190
MinimumVisualStudioVersion = 10.0.40219.1
Project("{FAE04EC0-301F-11D3-BF4B-00C04F79EFBC}") = "Task1", "Task1.csproj", "{88CA8E9C-3BE9-40CF-813E-11000FB88C37}"
EndProject
Global
	GlobalSection(SolutionConfigurationPlatforms) = preSolution
		Debug|Any CPU = Debug|Any CPU
		Release|Any CPU = Release|Any CPU
	EndGlobalSection
	GlobalSection(ProjectConfigurationPlatforms) = postSolution
		{88CA8E9C-3BE9-40CF-813E-11000FB88C37}.Debug|Any CPU.ActiveCfg = Debug|Any CPU
		{88CA8E9C-3BE9-40CF-813E-11000FB88C37}.Debug|Any CPU.Build.0 = Debug|Any CPU
		{88CA8E9C-3BE9-40CF-813E-11000FB88C37}.Release|Any CPU.ActiveCfg = Release|Any CPU
		{88CA8E9C-3BE9-40CF-813E-11000FB88C37}.Release|Any CPU.Build.0 = Release|Any CPU
	EndGlobalSection
	GlobalSection(SolutionProperties) = preSolution
		HideSolutionNode = FALSE
	EndGlobalSection
	GlobalSection(ExtensibilityGlobals) = postSolution
		SolutionGuid = {6E76417A-EA02-4116-96AD-F4B998D74265}
	EndGlobalSection
EndGlobal
